dependencies:
- name: pod1
  repository: file://charts/pod1
  version: 0.1.0
- name: pod2
  repository: file://charts/pod2
  version: 0.1.0
- name: pod3
  repository: file://charts/pod3
  version: 0.1.0
- name: pod4
  repository: file://charts/pod4
  version: 0.1.0
digest: sha256:a795e9d4013417db58215bcb6081d47f7d307eed14def9798bb26bd806d5c814
generated: "2025-02-24T15:57:02.1973323+09:00"
